// !$*UTF8*$!
{
	archiveVersion = 1;
	classes = {
	};
	objectVersion = 55;
	objects = {

/* Begin PBXBuildFile section */
		ABB62F8228174C5A006081A3 /* AppDelegate.swift in Sources */ = {isa = PBXBuildFile; fileRef = ABB62F8128174C5A006081A3 /* AppDelegate.swift */; };
		ABB62F8428174C5A006081A3 /* SceneDelegate.swift in Sources */ = {isa = PBXBuildFile; fileRef = ABB62F8328174C5A006081A3 /* SceneDelegate.swift */; };
		ABB62F8628174C5A006081A3 /* ViewController.swift in Sources */ = {isa = PBXBuildFile; fileRef = ABB62F8528174C5A006081A3 /* ViewController.swift */; };
		ABB62F8928174C5A006081A3 /* Main.storyboard in Resources */ = {isa = PBXBuildFile; fileRef = ABB62F8728174C5A006081A3 /* Main.storyboard */; };
		ABB62F8B28174C5B006081A3 /* Assets.xcassets in Resources */ = {isa = PBXBuildFile; fileRef = ABB62F8A28174C5B006081A3 /* Assets.xcassets */; };
		ABB62F8E28174C5B006081A3 /* LaunchScreen.storyboard in Resources */ = {isa = PBXBuildFile; fileRef = ABB62F8C28174C5B006081A3 /* LaunchScreen.storyboard */; };
		ABB62F9628174D26006081A3 /* Character.swift in Sources */ = {isa = PBXBuildFile; fileRef = ABB62F9528174D26006081A3 /* Character.swift */; };
		ABB62F9828174D4B006081A3 /* CharacterPage.swift in Sources */ = {isa = PBXBuildFile; fileRef = ABB62F9728174D4B006081A3 /* CharacterPage.swift */; };
		ABB62F9A28174D6B006081A3 /* PageInfo.swift in Sources */ = {isa = PBXBuildFile; fileRef = ABB62F9928174D6B006081A3 /* PageInfo.swift */; };
		ABB62F9D28174F96006081A3 /* ApiClient.swift in Sources */ = {isa = PBXBuildFile; fileRef = ABB62F9C28174F96006081A3 /* ApiClient.swift */; };
/* End PBXBuildFile section */

/* Begin PBXFileReference section */
		ABB62F7E28174C5A006081A3 /* Navalny Favourite Cartoon.app */ = {isa = PBXFileReference; explicitFileType = wrapper.application; includeInIndex = 0; path = "Navalny Favourite Cartoon.app"; sourceTree = BUILT_PRODUCTS_DIR; };
		ABB62F8128174C5A006081A3 /* AppDelegate.swift */ = {isa = PBXFileReference; lastKnownFileType = sourcecode.swift; path = AppDelegate.swift; sourceTree = "<group>"; };
		ABB62F8328174C5A006081A3 /* SceneDelegate.swift */ = {isa = PBXFileReference; lastKnownFileType = sourcecode.swift; path = SceneDelegate.swift; sourceTree = "<group>"; };
		ABB62F8528174C5A006081A3 /* ViewController.swift */ = {isa = PBXFileReference; lastKnownFileType = sourcecode.swift; path = ViewController.swift; sourceTree = "<group>"; };
		ABB62F8828174C5A006081A3 /* Base */ = {isa = PBXFileReference; lastKnownFileType = file.storyboard; name = Base; path = Base.lproj/Main.storyboard; sourceTree = "<group>"; };
		ABB62F8A28174C5B006081A3 /* Assets.xcassets */ = {isa = PBXFileReference; lastKnownFileType = folder.assetcatalog; path = Assets.xcassets; sourceTree = "<group>"; };
		ABB62F8D28174C5B006081A3 /* Base */ = {isa = PBXFileReference; lastKnownFileType = file.storyboard; name = Base; path = Base.lproj/LaunchScreen.storyboard; sourceTree = "<group>"; };
		ABB62F8F28174C5B006081A3 /* Info.plist */ = {isa = PBXFileReference; lastKnownFileType = text.plist.xml; path = Info.plist; sourceTree = "<group>"; };
		ABB62F9528174D26006081A3 /* Character.swift */ = {isa = PBXFileReference; lastKnownFileType = sourcecode.swift; path = Character.swift; sourceTree = "<group>"; };
		ABB62F9728174D4B006081A3 /* CharacterPage.swift */ = {isa = PBXFileReference; lastKnownFileType = sourcecode.swift; path = CharacterPage.swift; sourceTree = "<group>"; };
		ABB62F9928174D6B006081A3 /* PageInfo.swift */ = {isa = PBXFileReference; lastKnownFileType = sourcecode.swift; path = PageInfo.swift; sourceTree = "<group>"; };
		ABB62F9C28174F96006081A3 /* ApiClient.swift */ = {isa = PBXFileReference; lastKnownFileType = sourcecode.swift; path = ApiClient.swift; sourceTree = "<group>"; };
/* End PBXFileReference section */

/* Begin PBXFrameworksBuildPhase section */
		ABB62F7B28174C5A006081A3 /* Frameworks */ = {
			isa = PBXFrameworksBuildPhase;
			buildActionMask = 2147483647;
			files = (
			);
			runOnlyForDeploymentPostprocessing = 0;
		};
/* End PBXFrameworksBuildPhase section */

/* Begin PBXGroup section */
		ABB62F7528174C5A006081A3 = {
			isa = PBXGroup;
			children = (
				ABB62F8028174C5A006081A3 /* Navalny Favourite Cartoon */,
				ABB62F7F28174C5A006081A3 /* Products */,
			);
			sourceTree = "<group>";
		};
		ABB62F7F28174C5A006081A3 /* Products */ = {
			isa = PBXGroup;
			children = (
				ABB62F7E28174C5A006081A3 /* Navalny Favourite Cartoon.app */,
			);
			name = Products;
			sourceTree = "<group>";
		};
		ABB62F8028174C5A006081A3 /* Navalny Favourite Cartoon */ = {
			isa = PBXGroup;
			children = (
				ABB62F8128174C5A006081A3 /* AppDelegate.swift */,
				ABB62F8328174C5A006081A3 /* SceneDelegate.swift */,
				ABB62F8528174C5A006081A3 /* ViewController.swift */,
				ABB62F9C28174F96006081A3 /* ApiClient.swift */,
				ABB62F8728174C5A006081A3 /* Main.storyboard */,
				ABB62F8A28174C5B006081A3 /* Assets.xcassets */,
				ABB62F8C28174C5B006081A3 /* LaunchScreen.storyboard */,
				ABB62F8F28174C5B006081A3 /* Info.plist */,
				ABB62F9B28174D8A006081A3 /* Model */,
			);
			path = "Navalny Favourite Cartoon";
			sourceTree = "<group>";
		};
		ABB62F9B28174D8A006081A3 /* Model */ = {
			isa = PBXGroup;
			children = (
				ABB62F9528174D26006081A3 /* Character.swift */,
				ABB62F9728174D4B006081A3 /* CharacterPage.swift */,
				ABB62F9928174D6B006081A3 /* PageInfo.swift */,
			);
			path = Model;
			sourceTree = "<group>";
		};
/* End PBXGroup section */

/* Begin PBXNativeTarget section */
		ABB62F7D28174C5A006081A3 /* Navalny Favourite Cartoon */ = {
			isa = PBXNativeTarget;
			buildConfigurationList = ABB62F9228174C5B006081A3 /* Build configuration list for PBXNativeTarget "Navalny Favourite Cartoon" */;
			buildPhases = (
				ABB62F7A28174C5A006081A3 /* Sources */,
				ABB62F7B28174C5A006081A3 /* Frameworks */,
				ABB62F7C28174C5A006081A3 /* Resources */,
			);
			buildRules = (
			);
			dependencies = (
			);
			name = "Navalny Favourite Cartoon";
			productName = "Navalny Favourite Cartoon";
			productReference = ABB62F7E28174C5A006081A3 /* Navalny Favourite Cartoon.app */;
			productType = "com.apple.product-type.application";
		};
/* End PBXNativeTarget section */

/* Begin PBXProject section */
		ABB62F7628174C5A006081A3 /* Project object */ = {
			isa = PBXProject;
			attributes = {
				BuildIndependentTargetsInParallel = 1;
				LastSwiftUpdateCheck = 1330;
				LastUpgradeCheck = 1330;
				TargetAttributes = {
					ABB62F7D28174C5A006081A3 = {
						CreatedOnToolsVersion = 13.3.1;
					};
				};
			};
			buildConfigurationList = ABB62F7928174C5A006081A3 /* Build configuration list for PBXProject "Navalny Favourite Cartoon" */;
			compatibilityVersion = "Xcode 13.0";
			developmentRegion = en;
			hasScannedForEncodings = 0;
			knownRegions = (
				en,
				Base,
			);
			mainGroup = ABB62F7528174C5A006081A3;
			productRefGroup = ABB62F7F28174C5A006081A3 /* Products */;
			projectDirPath = "";
			projectRoot = "";
			targets = (
				ABB62F7D28174C5A006081A3 /* Navalny Favourite Cartoon */,
			);
		};
/* End PBXProject section */

/* Begin PBXResourcesBuildPhase section */
		ABB62F7C28174C5A006081A3 /* Resources */ = {
			isa = PBXResourcesBuildPhase;
			buildActionMask = 2147483647;
			files = (
				ABB62F8E28174C5B006081A3 /* LaunchScreen.storyboard in Resources */,
				ABB62F8B28174C5B006081A3 /* Assets.xcassets in Resources */,
				ABB62F8928174C5A006081A3 /* Main.storyboard in Resources */,
			);
			runOnlyForDeploymentPostprocessing = 0;
		};
/* End PBXResourcesBuildPhase section */

/* Begin PBXSourcesBuildPhase section */
		ABB62F7A28174C5A006081A3 /* Sources */ = {
			isa = PBXSourcesBuildPhase;
			buildActionMask = 2147483647;
			files = (
				ABB62F9D28174F96006081A3 /* ApiClient.swift in Sources */,
				ABB62F8628174C5A006081A3 /* ViewController.swift in Sources */,
				ABB62F8228174C5A006081A3 /* AppDelegate.swift in Sources */,
				ABB62F9A28174D6B006081A3 /* PageInfo.swift in Sources */,
				ABB62F8428174C5A006081A3 /* SceneDelegate.swift in Sources */,
				ABB62F9828174D4B006081A3 /* CharacterPage.swift in Sources */,
				ABB62F9628174D26006081A3 /* Character.swift in Sources */,
			);
			runOnlyForDeploymentPostprocessing = 0;
		};
/* End PBXSourcesBuildPhase section */

/* Begin PBXVariantGroup section */
		ABB62F8728174C5A006081A3 /* Main.storyboard */ = {
			isa = PBXVariantGroup;
			children = (
				ABB62F8828174C5A006081A3 /* Base */,
			);
			name = Main.storyboard;
			sourceTree = "<group>";
		};
		ABB62F8C28174C5B006081A3 /* LaunchScreen.storyboard */ = {
			isa = PBXVariantGroup;
			children = (
				ABB62F8D28174C5B006081A3 /* Base */,
			);
			name = LaunchScreen.storyboard;
			sourceTree = "<group>";
		};
/* End PBXVariantGroup section */

/* Begin XCBuildConfiguration section */
		ABB62F9028174C5B006081A3 /* Debug */ = {
			isa = XCBuildConfiguration;
			buildSettings = {
				ALWAYS_SEARCH_USER_PATHS = NO;
				CLANG_ANALYZER_NONNULL = YES;
				CLANG_ANALYZER_NUMBER_OBJECT_CONVERSION = YES_AGGRESSIVE;
				CLANG_CXX_LANGUAGE_STANDARD = "gnu++17";
				CLANG_ENABLE_MODULES = YES;
				CLANG_ENABLE_OBJC_ARC = YES;
				CLANG_ENABLE_OBJC_WEAK = YES;
				CLANG_WARN_BLOCK_CAPTURE_AUTORELEASING = YES;
				CLANG_WARN_BOOL_CONVERSION = YES;
				CLANG_WARN_COMMA = YES;
				CLANG_WARN_CONSTANT_CONVERSION = YES;
				CLANG_WARN_DEPRECATED_OBJC_IMPLEMENTATIONS = YES;
				CLANG_WARN_DIRECT_OBJC_ISA_USAGE = YES_ERROR;
				CLANG_WARN_DOCUMENTATION_COMMENTS = YES;
				CLANG_WARN_EMPTY_BODY = YES;
				CLANG_WARN_ENUM_CONVERSION = YES;
				CLANG_WARN_INFINITE_RECURSION = YES;
				CLANG_WARN_INT_CONVERSION = YES;
				CLANG_WARN_NON_LITERAL_NULL_CONVERSION = YES;
				CLANG_WARN_OBJC_IMPLICIT_RETAIN_SELF = YES;
				CLANG_WARN_OBJC_LITERAL_CONVERSION = YES;
				CLANG_WARN_OBJC_ROOT_CLASS = YES_ERROR;
				CLANG_WARN_QUOTED_INCLUDE_IN_FRAMEWORK_HEADER = YES;
				CLANG_WARN_RANGE_LOOP_ANALYSIS = YES;
				CLANG_WARN_STRICT_PROTOTYPES = YES;
				CLANG_WARN_SUSPICIOUS_MOVE = YES;
				CLANG_WARN_UNGUARDED_AVAILABILITY = YES_AGGRESSIVE;
				CLANG_WARN_UNREACHABLE_CODE = YES;
				CLANG_WARN__DUPLICATE_METHOD_MATCH = YES;
				COPY_PHASE_STRIP = NO;
				DEBUG_INFORMATION_FORMAT = dwarf;
				ENABLE_STRICT_OBJC_MSGSEND = YES;
				ENABLE_TESTABILITY = YES;
				GCC_C_LANGUAGE_STANDARD = gnu11;
				GCC_DYNAMIC_NO_PIC = NO;
				GCC_NO_COMMON_BLOCKS = YES;
				GCC_OPTIMIZATION_LEVEL = 0;
				GCC_PREPROCESSOR_DEFINITIONS = (
					"DEBUG=1",
					"$(inherited)",
				);
				GCC_WARN_64_TO_32_BIT_CONVERSION = YES;
				GCC_WARN_ABOUT_RETURN_TYPE = YES_ERROR;
				GCC_WARN_UNDECLARED_SELECTOR = YES;
				GCC_WARN_UNINITIALIZED_AUTOS = YES_AGGRESSIVE;
				GCC_WARN_UNUSED_FUNCTION = YES;
				GCC_WARN_UNUSED_VARIABLE = YES;
				IPHONEOS_DEPLOYMENT_TARGET = 15.4;
				MTL_ENABLE_DEBUG_INFO = INCLUDE_SOURCE;
				MTL_FAST_MATH = YES;
				ONLY_ACTIVE_ARCH = YES;
				SDKROOT = iphoneos;
				SWIFT_ACTIVE_COMPILATION_CONDITIONS = DEBUG;
				SWIFT_OPTIMIZATION_LEVEL = "-Onone";
			};
			name = Debug;
		};
		ABB62F9128174C5B006081A3 /* Release */ = {
			isa = XCBuildConfiguration;
			buildSettings = {
				ALWAYS_SEARCH_USER_PATHS = NO;
				CLANG_ANALYZER_NONNULL = YES;
				CLANG_ANALYZER_NUMBER_OBJECT_CONVERSION = YES_AGGRESSIVE;
				CLANG_CXX_LANGUAGE_STANDARD = "gnu++17";
				CLANG_ENABLE_MODULES = YES;
				CLANG_ENABLE_OBJC_ARC = YES;
				CLANG_ENABLE_OBJC_WEAK = YES;
				CLANG_WARN_BLOCK_CAPTURE_AUTORELEASING = YES;
				CLANG_WARN_BOOL_CONVERSION = YES;
				CLANG_WARN_COMMA = YES;
				CLANG_WARN_CONSTANT_CONVERSION = YES;
				CLANG_WARN_DEPRECATED_OBJC_IMPLEMENTATIONS = YES;
				CLANG_WARN_DIRECT_OBJC_ISA_USAGE = YES_ERROR;
				CLANG_WARN_DOCUMENTATION_COMMENTS = YES;
				CLANG_WARN_EMPTY_BODY = YES;
				CLANG_WARN_ENUM_CONVERSION = YES;
				CLANG_WARN_INFINITE_RECURSION = YES;
				CLANG_WARN_INT_CONVERSION = YES;
				CLANG_WARN_NON_LITERAL_NULL_CONVERSION = YES;
				CLANG_WARN_OBJC_IMPLICIT_RETAIN_SELF = YES;
				CLANG_WARN_OBJC_LITERAL_CONVERSION = YES;
				CLANG_WARN_OBJC_ROOT_CLASS = YES_ERROR;
				CLANG_WARN_QUOTED_INCLUDE_IN_FRAMEWORK_HEADER = YES;
				CLANG_WARN_RANGE_LOOP_ANALYSIS = YES;
				CLANG_WARN_STRICT_PROTOTYPES = YES;
				CLANG_WARN_SUSPICIOUS_MOVE = YES;
				CLANG_WARN_UNGUARDED_AVAILABILITY = YES_AGGRESSIVE;
				CLANG_WARN_UNREACHABLE_CODE = YES;
				CLANG_WARN__DUPLICATE_METHOD_MATCH = YES;
				COPY_PHASE_STRIP = NO;
				DEBUG_INFORMATION_FORMAT = "dwarf-with-dsym";
				ENABLE_NS_ASSERTIONS = NO;
				ENABLE_STRICT_OBJC_MSGSEND = YES;
				GCC_C_LANGUAGE_STANDARD = gnu11;
				GCC_NO_COMMON_BLOCKS = YES;
				GCC_WARN_64_TO_32_BIT_CONVERSION = YES;
				GCC_WARN_ABOUT_RETURN_TYPE = YES_ERROR;
				GCC_WARN_UNDECLARED_SELECTOR = YES;
				GCC_WARN_UNINITIALIZED_AUTOS = YES_AGGRESSIVE;
				GCC_WARN_UNUSED_FUNCTION = YES;
				GCC_WARN_UNUSED_VARIABLE = YES;
				IPHONEOS_DEPLOYMENT_TARGET = 15.4;
				MTL_ENABLE_DEBUG_INFO = NO;
				MTL_FAST_MATH = YES;
				SDKROOT = iphoneos;
				SWIFT_COMPILATION_MODE = wholemodule;
				SWIFT_OPTIMIZATION_LEVEL = "-O";
				VALIDATE_PRODUCT = YES;
			};
			name = Release;
		};
		ABB62F9328174C5B006081A3 /* Debug */ = {
			isa = XCBuildConfiguration;
			buildSettings = {
				ASSETCATALOG_COMPILER_APPICON_NAME = AppIcon;
				ASSETCATALOG_COMPILER_GLOBAL_ACCENT_COLOR_NAME = AccentColor;
				CODE_SIGN_STYLE = Automatic;
				CURRENT_PROJECT_VERSION = 1;
				DEVELOPMENT_TEAM = 93LWHTP5BH;
				GENERATE_INFOPLIST_FILE = YES;
				INFOPLIST_FILE = "Navalny Favourite Cartoon/Info.plist";
				INFOPLIST_KEY_UIApplicationSupportsIndirectInputEvents = YES;
				INFOPLIST_KEY_UILaunchStoryboardName = LaunchScreen;
				INFOPLIST_KEY_UIMainStoryboardFile = Main;
				INFOPLIST_KEY_UISupportedInterfaceOrientations_iPad = "UIInterfaceOrientationPortrait UIInterfaceOrientationPortraitUpsideDown UIInterfaceOrientationLandscapeLeft UIInterfaceOrientationLandscapeRight";
				INFOPLIST_KEY_UISupportedInterfaceOrientations_iPhone = "UIInterfaceOrientationPortrait UIInterfaceOrientationLandscapeLeft UIInterfaceOrientationLandscapeRight";
				LD_RUNPATH_SEARCH_PATHS = (
					"$(inherited)",
					"@executable_path/Frameworks",
				);
				MARKETING_VERSION = 1.0;
				PRODUCT_BUNDLE_IDENTIFIER = "rs.newhome.Navalny-Favourite-Cartoon";
				PRODUCT_NAME = "$(TARGET_NAME)";
				SWIFT_EMIT_LOC_STRINGS = YES;
				SWIFT_VERSION = 5.0;
				TARGETED_DEVICE_FAMILY = "1,2";
			};
			name = Debug;
		};
		ABB62F9428174C5B006081A3 /* Release */ = {
			isa = XCBuildConfiguration;
			buildSettings = {
				ASSETCATALOG_COMPILER_APPICON_NAME = AppIcon;
				ASSETCATALOG_COMPILER_GLOBAL_ACCENT_COLOR_NAME = AccentColor;
				CODE_SIGN_STYLE = Automatic;
				CURRENT_PROJECT_VERSION = 1;
				DEVELOPMENT_TEAM = 93LWHTP5BH;
				GENERATE_INFOPLIST_FILE = YES;
				INFOPLIST_FILE = "Navalny Favourite Cartoon/Info.plist";
				INFOPLIST_KEY_UIApplicationSupportsIndirectInputEvents = YES;
				INFOPLIST_KEY_UILaunchStoryboardName = LaunchScreen;
				INFOPLIST_KEY_UIMainStoryboardFile = Main;
				INFOPLIST_KEY_UISupportedInterfaceOrientations_iPad = "UIInterfaceOrientationPortrait UIInterfaceOrientationPortraitUpsideDown UIInterfaceOrientationLandscapeLeft UIInterfaceOrientationLandscapeRight";
				INFOPLIST_KEY_UISupportedInterfaceOrientations_iPhone = "UIInterfaceOrientationPortrait UIInterfaceOrientationLandscapeLeft UIInterfaceOrientationLandscapeRight";
				LD_RUNPATH_SEARCH_PATHS = (
					"$(inherited)",
					"@executable_path/Frameworks",
				);
				MARKETING_VERSION = 1.0;
				PRODUCT_BUNDLE_IDENTIFIER = "rs.newhome.Navalny-Favourite-Cartoon";
				PRODUCT_NAME = "$(TARGET_NAME)";
				SWIFT_EMIT_LOC_STRINGS = YES;
				SWIFT_VERSION = 5.0;
				TARGETED_DEVICE_FAMILY = "1,2";
			};
			name = Release;
		};
/* End XCBuildConfiguration section */

/* Begin XCConfigurationList section */
		ABB62F7928174C5A006081A3 /* Build configuration list for PBXProject "Navalny Favourite Cartoon" */ = {
			isa = XCConfigurationList;
			buildConfigurations = (
				ABB62F9028174C5B006081A3 /* Debug */,
				ABB62F9128174C5B006081A3 /* Release */,
			);
			defaultConfigurationIsVisible = 0;
			defaultConfigurationName = Release;
		};
		ABB62F9228174C5B006081A3 /* Build configuration list for PBXNativeTarget "Navalny Favourite Cartoon" */ = {
			isa = XCConfigurationList;
			buildConfigurations = (
				ABB62F9328174C5B006081A3 /* Debug */,
				ABB62F9428174C5B006081A3 /* Release */,
			);
			defaultConfigurationIsVisible = 0;
			defaultConfigurationName = Release;
		};
/* End XCConfigurationList section */
	};
	rootObject = ABB62F7628174C5A006081A3 /* Project object */;
}
